
Microsoft Visual Studio Solution File, Format Version 12.00
# Visual Studio Version 17
VisualStudioVersion = 17.8.34330.188
MinimumVisualStudioVersion = 10.0.40219.1
Project("{FAE04EC0-301F-11D3-BF4B-00C04F79EFBC}") = "JWTTokenWebApiTest", "JWTTokenWebApiTest.csproj", "{FF0FA9B2-536C-4A45-9818-6E78B2F00197}"
EndProject
Global
	GlobalSection(SolutionConfigurationPlatforms) = preSolution
		Debug|Any CPU = Debug|Any CPU
		Release|Any CPU = Release|Any CPU
	EndGlobalSection
	GlobalSection(ProjectConfigurationPlatforms) = postSolution
		{FF0FA9B2-536C-4A45-9818-6E78B2F00197}.Debug|Any CPU.ActiveCfg = Debug|Any CPU
		{FF0FA9B2-536C-4A45-9818-6E78B2F00197}.Debug|Any CPU.Build.0 = Debug|Any CPU
		{FF0FA9B2-536C-4A45-9818-6E78B2F00197}.Release|Any CPU.ActiveCfg = Release|Any CPU
		{FF0FA9B2-536C-4A45-9818-6E78B2F00197}.Release|Any CPU.Build.0 = Release|Any CPU
	EndGlobalSection
	GlobalSection(SolutionProperties) = preSolution
		HideSolutionNode = FALSE
	EndGlobalSection
	GlobalSection(ExtensibilityGlobals) = postSolution
		SolutionGuid = {E4AB8504-F293-4BB6-AF0C-C126271F7E9E}
	EndGlobalSection
EndGlobal
